
Microsoft Visual Studio Solution File, Format Version 12.00
# Visual Studio Version 17
VisualStudioVersion = 17.9.34728.123
MinimumVisualStudioVersion = 10.0.40219.1
Project("{FAE04EC0-301F-11D3-BF4B-00C04F79EFBC}") = "matensa", "matensa.csproj", "{F735590B-DA54-45FB-AF36-C2953B8F30F7}"
EndProject
Global
	GlobalSection(SolutionConfigurationPlatforms) = preSolution
		Debug|Any CPU = Debug|Any CPU
		Release|Any CPU = Release|Any CPU
	EndGlobalSection
	GlobalSection(ProjectConfigurationPlatforms) = postSolution
		{F735590B-DA54-45FB-AF36-C2953B8F30F7}.Debug|Any CPU.ActiveCfg = Debug|Any CPU
		{F735590B-DA54-45FB-AF36-C2953B8F30F7}.Debug|Any CPU.Build.0 = Debug|Any CPU
		{F735590B-DA54-45FB-AF36-C2953B8F30F7}.Release|Any CPU.ActiveCfg = Release|Any CPU
		{F735590B-DA54-45FB-AF36-C2953B8F30F7}.Release|Any CPU.Build.0 = Release|Any CPU
	EndGlobalSection
	GlobalSection(SolutionProperties) = preSolution
		HideSolutionNode = FALSE
	EndGlobalSection
	GlobalSection(ExtensibilityGlobals) = postSolution
		SolutionGuid = {7F20E333-9F4E-4DDF-A8E1-A4593EBC4B88}
	EndGlobalSection
EndGlobal
